
Microsoft Visual Studio Solution File, Format Version 12.00
# Visual Studio Version 16
VisualStudioVersion = 16.0.30517.126
MinimumVisualStudioVersion = 10.0.40219.1
Project("{E24C65DC-7377-472B-9ABA-BC803B73C61A}") = "SundownBoulevardBooking", ".", "{1EEE2ADA-866C-4A55-95EE-11F6F63E4318}"
	ProjectSection(WebsiteProperties) = preProject
		TargetFrameworkMoniker = ".NETFramework,Version%3Dv4.0"
		Debug.AspNetCompiler.VirtualPath = "/localhost_55020"
		Debug.AspNetCompiler.PhysicalPath = "..\SundownBoulevardBooking\"
		Debug.AspNetCompiler.TargetPath = "PrecompiledWeb\localhost_55020\"
		Debug.AspNetCompiler.Updateable = "true"
		Debug.AspNetCompiler.ForceOverwrite = "true"
		Debug.AspNetCompiler.FixedNames = "false"
		Debug.AspNetCompiler.Debug = "True"
		Release.AspNetCompiler.VirtualPath = "/localhost_55020"
		Release.AspNetCompiler.PhysicalPath = "..\SundownBoulevardBooking\"
		Release.AspNetCompiler.TargetPath = "PrecompiledWeb\localhost_55020\"
		Release.AspNetCompiler.Updateable = "true"
		Release.AspNetCompiler.ForceOverwrite = "true"
		Release.AspNetCompiler.FixedNames = "false"
		Release.AspNetCompiler.Debug = "False"
		VWDPort = "55020"
		SlnRelativePath = "..\SundownBoulevardBooking\"
	EndProjectSection
EndProject
Global
	GlobalSection(SolutionConfigurationPlatforms) = preSolution
		Debug|Any CPU = Debug|Any CPU
	EndGlobalSection
	GlobalSection(ProjectConfigurationPlatforms) = postSolution
		{1EEE2ADA-866C-4A55-95EE-11F6F63E4318}.Debug|Any CPU.ActiveCfg = Debug|Any CPU
		{1EEE2ADA-866C-4A55-95EE-11F6F63E4318}.Debug|Any CPU.Build.0 = Debug|Any CPU
	EndGlobalSection
	GlobalSection(SolutionProperties) = preSolution
		HideSolutionNode = FALSE
	EndGlobalSection
	GlobalSection(ExtensibilityGlobals) = postSolution
		SolutionGuid = {5E7AEDA8-912B-480C-BBED-E4253D07F28D}
	EndGlobalSection
EndGlobal
